
Microsoft Visual Studio Solution File, Format Version 12.00
# Visual Studio Version 16
VisualStudioVersion = 16.0.31205.134
MinimumVisualStudioVersion = 10.0.40219.1
Project("{8BC9CEB8-8B4A-11D0-8D11-00A0C91BC942}") = "1장", "Project1.vcxproj", "{1F87C68E-BF04-4543-BA95-3A3166FBE9AD}"
EndProject
Project("{8BC9CEB8-8B4A-11D0-8D11-00A0C91BC942}") = "오버로딩", "..\오버로딩\오버로딩.vcxproj", "{281EEB36-CA0B-4304-A8FF-08E759E12442}"
EndProject
Project("{8BC9CEB8-8B4A-11D0-8D11-00A0C91BC942}") = "2장 클래스", "..\2장 클래스\2장 클래스.vcxproj", "{AC55E6B8-1D78-4051-BF6E-F1AF18D6AE4D}"
EndProject
Project("{8BC9CEB8-8B4A-11D0-8D11-00A0C91BC942}") = "3장 생성자", "..\3장 생성자\3장 생성자.vcxproj", "{E7C9D256-05FC-4F14-A319-48410C51FD78}"
EndProject
Project("{8BC9CEB8-8B4A-11D0-8D11-00A0C91BC942}") = "4장 캡슐화", "..\4장 캡슐화\4장 캡슐화.vcxproj", "{B7DCE54B-3F46-4CD1-BE39-4C2E80F5E464}"
EndProject
Project("{8BC9CEB8-8B4A-11D0-8D11-00A0C91BC942}") = "ConstFunc", "..\ConstFunc\ConstFunc.vcxproj", "{17F8C3D3-4B68-401B-AF5A-C09CDC2ED23B}"
EndProject
Project("{8BC9CEB8-8B4A-11D0-8D11-00A0C91BC942}") = "5장 연산자 오버로딩", "..\5장 연산자 오버로딩\5장 연산자 오버로딩.vcxproj", "{17B6A193-231F-4596-9F1E-381656140513}"
EndProject
Project("{8BC9CEB8-8B4A-11D0-8D11-00A0C91BC942}") = "Project_load", "..\Project_load\Project_load.vcxproj", "{640AF27B-E9E8-4480-AA9F-B69A293477C7}"
EndProject
Project("{8BC9CEB8-8B4A-11D0-8D11-00A0C91BC942}") = "06장 상속", "..\06장 상속\06장 상속.vcxproj", "{8CBF1E31-F4F6-4FB0-9EED-679C15D9AD5C}"
EndProject
Project("{8BC9CEB8-8B4A-11D0-8D11-00A0C91BC942}") = "7장 다형성", "..\7장 다형성\7장 다형성.vcxproj", "{56AD35F3-DDE1-4D71-8930-F5F92DEBF197}"
EndProject
Project("{8BC9CEB8-8B4A-11D0-8D11-00A0C91BC942}") = "연습장", "..\연습장\연습장.vcxproj", "{525E9C58-1815-4C1C-BF5D-54887D1EA788}"
EndProject
Project("{8BC9CEB8-8B4A-11D0-8D11-00A0C91BC942}") = "Back", "..\Back\Back.vcxproj", "{7064F025-310F-4385-A132-CB30AEE86114}"
EndProject
Project("{8BC9CEB8-8B4A-11D0-8D11-00A0C91BC942}") = "9장 예외처리", "..\9장 예외처리\9장 예외처리.vcxproj", "{E659A912-53F0-4657-B566-C32503EDA60C}"
EndProject
Global
	GlobalSection(SolutionConfigurationPlatforms) = preSolution
		Debug|x64 = Debug|x64
		Debug|x86 = Debug|x86
		Release|x64 = Release|x64
		Release|x86 = Release|x86
	EndGlobalSection
	GlobalSection(ProjectConfigurationPlatforms) = postSolution
		{1F87C68E-BF04-4543-BA95-3A3166FBE9AD}.Debug|x64.ActiveCfg = Debug|x64
		{1F87C68E-BF04-4543-BA95-3A3166FBE9AD}.Debug|x64.Build.0 = Debug|x64
		{1F87C68E-BF04-4543-BA95-3A3166FBE9AD}.Debug|x86.ActiveCfg = Debug|Win32
		{1F87C68E-BF04-4543-BA95-3A3166FBE9AD}.Debug|x86.Build.0 = Debug|Win32
		{1F87C68E-BF04-4543-BA95-3A3166FBE9AD}.Release|x64.ActiveCfg = Release|x64
		{1F87C68E-BF04-4543-BA95-3A3166FBE9AD}.Release|x64.Build.0 = Release|x64
		{1F87C68E-BF04-4543-BA95-3A3166FBE9AD}.Release|x86.ActiveCfg = Release|Win32
		{1F87C68E-BF04-4543-BA95-3A3166FBE9AD}.Release|x86.Build.0 = Release|Win32
		{281EEB36-CA0B-4304-A8FF-08E759E12442}.Debug|x64.ActiveCfg = Debug|x64
		{281EEB36-CA0B-4304-A8FF-08E759E12442}.Debug|x64.Build.0 = Debug|x64
		{281EEB36-CA0B-4304-A8FF-08E759E12442}.Debug|x86.ActiveCfg = Debug|Win32
		{281EEB36-CA0B-4304-A8FF-08E759E12442}.Debug|x86.Build.0 = Debug|Win32
		{281EEB36-CA0B-4304-A8FF-08E759E12442}.Release|x64.ActiveCfg = Release|x64
		{281EEB36-CA0B-4304-A8FF-08E759E12442}.Release|x64.Build.0 = Release|x64
		{281EEB36-CA0B-4304-A8FF-08E759E12442}.Release|x86.ActiveCfg = Release|Win32
		{281EEB36-CA0B-4304-A8FF-08E759E12442}.Release|x86.Build.0 = Release|Win32
		{AC55E6B8-1D78-4051-BF6E-F1AF18D6AE4D}.Debug|x64.ActiveCfg = Debug|x64
		{AC55E6B8-1D78-4051-BF6E-F1AF18D6AE4D}.Debug|x64.Build.0 = Debug|x64
		{AC55E6B8-1D78-4051-BF6E-F1AF18D6AE4D}.Debug|x86.ActiveCfg = Debug|Win32
		{AC55E6B8-1D78-4051-BF6E-F1AF18D6AE4D}.Debug|x86.Build.0 = Debug|Win32
		{AC55E6B8-1D78-4051-BF6E-F1AF18D6AE4D}.Release|x64.ActiveCfg = Release|x64
		{AC55E6B8-1D78-4051-BF6E-F1AF18D6AE4D}.Release|x64.Build.0 = Release|x64
		{AC55E6B8-1D78-4051-BF6E-F1AF18D6AE4D}.Release|x86.ActiveCfg = Release|Win32
		{AC55E6B8-1D78-4051-BF6E-F1AF18D6AE4D}.Release|x86.Build.0 = Release|Win32
		{E7C9D256-05FC-4F14-A319-48410C51FD78}.Debug|x64.ActiveCfg = Debug|x64
		{E7C9D256-05FC-4F14-A319-48410C51FD78}.Debug|x64.Build.0 = Debug|x64
		{E7C9D256-05FC-4F14-A319-48410C51FD78}.Debug|x86.ActiveCfg = Debug|Win32
		{E7C9D256-05FC-4F14-A319-48410C51FD78}.Debug|x86.Build.0 = Debug|Win32
		{E7C9D256-05FC-4F14-A319-48410C51FD78}.Release|x64.ActiveCfg = Release|x64
		{E7C9D256-05FC-4F14-A319-48410C51FD78}.Release|x64.Build.0 = Release|x64
		{E7C9D256-05FC-4F14-A319-48410C51FD78}.Release|x86.ActiveCfg = Release|Win32
		{E7C9D256-05FC-4F14-A319-48410C51FD78}.Release|x86.Build.0 = Release|Win32
		{B7DCE54B-3F46-4CD1-BE39-4C2E80F5E464}.Debug|x64.ActiveCfg = Debug|x64
		{B7DCE54B-3F46-4CD1-BE39-4C2E80F5E464}.Debug|x64.Build.0 = Debug|x64
		{B7DCE54B-3F46-4CD1-BE39-4C2E80F5E464}.Debug|x86.ActiveCfg = Debug|Win32
		{B7DCE54B-3F46-4CD1-BE39-4C2E80F5E464}.Debug|x86.Build.0 = Debug|Win32
		{B7DCE54B-3F46-4CD1-BE39-4C2E80F5E464}.Release|x64.ActiveCfg = Release|x64
		{B7DCE54B-3F46-4CD1-BE39-4C2E80F5E464}.Release|x64.Build.0 = Release|x64
		{B7DCE54B-3F46-4CD1-BE39-4C2E80F5E464}.Release|x86.ActiveCfg = Release|Win32
		{B7DCE54B-3F46-4CD1-BE39-4C2E80F5E464}.Release|x86.Build.0 = Release|Win32
		{17F8C3D3-4B68-401B-AF5A-C09CDC2ED23B}.Debug|x64.ActiveCfg = Debug|x64
		{17F8C3D3-4B68-401B-AF5A-C09CDC2ED23B}.Debug|x64.Build.0 = Debug|x64
		{17F8C3D3-4B68-401B-AF5A-C09CDC2ED23B}.Debug|x86.ActiveCfg = Debug|Win32
		{17F8C3D3-4B68-401B-AF5A-C09CDC2ED23B}.Debug|x86.Build.0 = Debug|Win32
		{17F8C3D3-4B68-401B-AF5A-C09CDC2ED23B}.Release|x64.ActiveCfg = Release|x64
		{17F8C3D3-4B68-401B-AF5A-C09CDC2ED23B}.Release|x64.Build.0 = Release|x64
		{17F8C3D3-4B68-401B-AF5A-C09CDC2ED23B}.Release|x86.ActiveCfg = Release|Win32
		{17F8C3D3-4B68-401B-AF5A-C09CDC2ED23B}.Release|x86.Build.0 = Release|Win32
		{17B6A193-231F-4596-9F1E-381656140513}.Debug|x64.ActiveCfg = Debug|x64
		{17B6A193-231F-4596-9F1E-381656140513}.Debug|x64.Build.0 = Debug|x64
		{17B6A193-231F-4596-9F1E-381656140513}.Debug|x86.ActiveCfg = Debug|Win32
		{17B6A193-231F-4596-9F1E-381656140513}.Debug|x86.Build.0 = Debug|Win32
		{17B6A193-231F-4596-9F1E-381656140513}.Release|x64.ActiveCfg = Release|x64
		{17B6A193-231F-4596-9F1E-381656140513}.Release|x64.Build.0 = Release|x64
		{17B6A193-231F-4596-9F1E-381656140513}.Release|x86.ActiveCfg = Release|Win32
		{17B6A193-231F-4596-9F1E-381656140513}.Release|x86.Build.0 = Release|Win32
		{640AF27B-E9E8-4480-AA9F-B69A293477C7}.Debug|x64.ActiveCfg = Debug|x64
		{640AF27B-E9E8-4480-AA9F-B69A293477C7}.Debug|x64.Build.0 = Debug|x64
		{640AF27B-E9E8-4480-AA9F-B69A293477C7}.Debug|x86.ActiveCfg = Debug|Win32
		{640AF27B-E9E8-4480-AA9F-B69A293477C7}.Debug|x86.Build.0 = Debug|Win32
		{640AF27B-E9E8-4480-AA9F-B69A293477C7}.Release|x64.ActiveCfg = Release|x64
		{640AF27B-E9E8-4480-AA9F-B69A293477C7}.Release|x64.Build.0 = Release|x64
		{640AF27B-E9E8-4480-AA9F-B69A293477C7}.Release|x86.ActiveCfg = Release|Win32
		{640AF27B-E9E8-4480-AA9F-B69A293477C7}.Release|x86.Build.0 = Release|Win32
		{8CBF1E31-F4F6-4FB0-9EED-679C15D9AD5C}.Debug|x64.ActiveCfg = Debug|x64
		{8CBF1E31-F4F6-4FB0-9EED-679C15D9AD5C}.Debug|x64.Build.0 = Debug|x64
		{8CBF1E31-F4F6-4FB0-9EED-679C15D9AD5C}.Debug|x86.ActiveCfg = Debug|Win32
		{8CBF1E31-F4F6-4FB0-9EED-679C15D9AD5C}.Debug|x86.Build.0 = Debug|Win32
		{8CBF1E31-F4F6-4FB0-9EED-679C15D9AD5C}.Release|x64.ActiveCfg = Release|x64
		{8CBF1E31-F4F6-4FB0-9EED-679C15D9AD5C}.Release|x64.Build.0 = Release|x64
		{8CBF1E31-F4F6-4FB0-9EED-679C15D9AD5C}.Release|x86.ActiveCfg = Release|Win32
		{8CBF1E31-F4F6-4FB0-9EED-679C15D9AD5C}.Release|x86.Build.0 = Release|Win32
		{56AD35F3-DDE1-4D71-8930-F5F92DEBF197}.Debug|x64.ActiveCfg = Debug|x64
		{56AD35F3-DDE1-4D71-8930-F5F92DEBF197}.Debug|x64.Build.0 = Debug|x64
		{56AD35F3-DDE1-4D71-8930-F5F92DEBF197}.Debug|x86.ActiveCfg = Debug|Win32
		{56AD35F3-DDE1-4D71-8930-F5F92DEBF197}.Debug|x86.Build.0 = Debug|Win32
		{56AD35F3-DDE1-4D71-8930-F5F92DEBF197}.Release|x64.ActiveCfg = Release|x64
		{56AD35F3-DDE1-4D71-8930-F5F92DEBF197}.Release|x64.Build.0 = Release|x64
		{56AD35F3-DDE1-4D71-8930-F5F92DEBF197}.Release|x86.ActiveCfg = Release|Win32
		{56AD35F3-DDE1-4D71-8930-F5F92DEBF197}.Release|x86.Build.0 = Release|Win32
		{525E9C58-1815-4C1C-BF5D-54887D1EA788}.Debug|x64.ActiveCfg = Debug|x64
		{525E9C58-1815-4C1C-BF5D-54887D1EA788}.Debug|x64.Build.0 = Debug|x64
		{525E9C58-1815-4C1C-BF5D-54887D1EA788}.Debug|x86.ActiveCfg = Debug|Win32
		{525E9C58-1815-4C1C-BF5D-54887D1EA788}.Debug|x86.Build.0 = Debug|Win32
		{525E9C58-1815-4C1C-BF5D-54887D1EA788}.Release|x64.ActiveCfg = Release|x64
		{525E9C58-1815-4C1C-BF5D-54887D1EA788}.Release|x64.Build.0 = Release|x64
		{525E9C58-1815-4C1C-BF5D-54887D1EA788}.Release|x86.ActiveCfg = Release|Win32
		{525E9C58-1815-4C1C-BF5D-54887D1EA788}.Release|x86.Build.0 = Release|Win32
		{7064F025-310F-4385-A132-CB30AEE86114}.Debug|x64.ActiveCfg = Debug|x64
		{7064F025-310F-4385-A132-CB30AEE86114}.Debug|x64.Build.0 = Debug|x64
		{7064F025-310F-4385-A132-CB30AEE86114}.Debug|x86.ActiveCfg = Debug|Win32
		{7064F025-310F-4385-A132-CB30AEE86114}.Debug|x86.Build.0 = Debug|Win32
		{7064F025-310F-4385-A132-CB30AEE86114}.Release|x64.ActiveCfg = Release|x64
		{7064F025-310F-4385-A132-CB30AEE86114}.Release|x64.Build.0 = Release|x64
		{7064F025-310F-4385-A132-CB30AEE86114}.Release|x86.ActiveCfg = Release|Win32
		{7064F025-310F-4385-A132-CB30AEE86114}.Release|x86.Build.0 = Release|Win32
		{E659A912-53F0-4657-B566-C32503EDA60C}.Debug|x64.ActiveCfg = Debug|x64
		{E659A912-53F0-4657-B566-C32503EDA60C}.Debug|x64.Build.0 = Debug|x64
		{E659A912-53F0-4657-B566-C32503EDA60C}.Debug|x86.ActiveCfg = Debug|Win32
		{E659A912-53F0-4657-B566-C32503EDA60C}.Debug|x86.Build.0 = Debug|Win32
		{E659A912-53F0-4657-B566-C32503EDA60C}.Release|x64.ActiveCfg = Release|x64
		{E659A912-53F0-4657-B566-C32503EDA60C}.Release|x64.Build.0 = Release|x64
		{E659A912-53F0-4657-B566-C32503EDA60C}.Release|x86.ActiveCfg = Release|Win32
		{E659A912-53F0-4657-B566-C32503EDA60C}.Release|x86.Build.0 = Release|Win32
	EndGlobalSection
	GlobalSection(SolutionProperties) = preSolution
		HideSolutionNode = FALSE
	EndGlobalSection
	GlobalSection(ExtensibilityGlobals) = postSolution
		SolutionGuid = {B59CAD13-D5C9-4EE6-AD6D-9B6E5DAE4B4F}
	EndGlobalSection
EndGlobal
