
Microsoft Visual Studio Solution File, Format Version 12.00
# Visual Studio Version 16
VisualStudioVersion = 16.0.31205.134
MinimumVisualStudioVersion = 10.0.40219.1
Project("{8BC9CEB8-8B4A-11D0-8D11-00A0C91BC942}") = "1장", "Project1.vcxproj", "{1F87C68E-BF04-4543-BA95-3A3166FBE9AD}"
EndProject
Project("{8BC9CEB8-8B4A-11D0-8D11-00A0C91BC942}") = "오버로딩", "..\오버로딩\오버로딩.vcxproj", "{281EEB36-CA0B-4304-A8FF-08E759E12442}"
EndProject
Global
	GlobalSection(SolutionConfigurationPlatforms) = preSolution
		Debug|x64 = Debug|x64
		Debug|x86 = Debug|x86
		Release|x64 = Release|x64
		Release|x86 = Release|x86
	EndGlobalSection
	GlobalSection(ProjectConfigurationPlatforms) = postSolution
		{1F87C68E-BF04-4543-BA95-3A3166FBE9AD}.Debug|x64.ActiveCfg = Debug|x64
		{1F87C68E-BF04-4543-BA95-3A3166FBE9AD}.Debug|x64.Build.0 = Debug|x64
		{1F87C68E-BF04-4543-BA95-3A3166FBE9AD}.Debug|x86.ActiveCfg = Debug|Win32
		{1F87C68E-BF04-4543-BA95-3A3166FBE9AD}.Debug|x86.Build.0 = Debug|Win32
		{1F87C68E-BF04-4543-BA95-3A3166FBE9AD}.Release|x64.ActiveCfg = Release|x64
		{1F87C68E-BF04-4543-BA95-3A3166FBE9AD}.Release|x64.Build.0 = Release|x64
		{1F87C68E-BF04-4543-BA95-3A3166FBE9AD}.Release|x86.ActiveCfg = Release|Win32
		{1F87C68E-BF04-4543-BA95-3A3166FBE9AD}.Release|x86.Build.0 = Release|Win32
		{281EEB36-CA0B-4304-A8FF-08E759E12442}.Debug|x64.ActiveCfg = Debug|x64
		{281EEB36-CA0B-4304-A8FF-08E759E12442}.Debug|x64.Build.0 = Debug|x64
		{281EEB36-CA0B-4304-A8FF-08E759E12442}.Debug|x86.ActiveCfg = Debug|Win32
		{281EEB36-CA0B-4304-A8FF-08E759E12442}.Debug|x86.Build.0 = Debug|Win32
		{281EEB36-CA0B-4304-A8FF-08E759E12442}.Release|x64.ActiveCfg = Release|x64
		{281EEB36-CA0B-4304-A8FF-08E759E12442}.Release|x64.Build.0 = Release|x64
		{281EEB36-CA0B-4304-A8FF-08E759E12442}.Release|x86.ActiveCfg = Release|Win32
		{281EEB36-CA0B-4304-A8FF-08E759E12442}.Release|x86.Build.0 = Release|Win32
	EndGlobalSection
	GlobalSection(SolutionProperties) = preSolution
		HideSolutionNode = FALSE
	EndGlobalSection
	GlobalSection(ExtensibilityGlobals) = postSolution
		SolutionGuid = {B59CAD13-D5C9-4EE6-AD6D-9B6E5DAE4B4F}
	EndGlobalSection
EndGlobal
